// !$*UTF8*$!
{
	archiveVersion = 1;
	classes = {
	};
	objectVersion = 54;
	objects = {

/* Begin PBXBuildFile section */
		9AB2C7DE2B741A9D00C13039 /* nsMsgCompose.cpp in Sources */ = {isa = PBXBuildFile; fileRef = 9A500D1626A9DAFE006F448D /* nsMsgCompose.cpp */; };
/* End PBXBuildFile section */

/* Begin PBXFileReference section */
		9A3B3EDC2B72DB450032A963 /* include */ = {isa = PBXFileReference; lastKnownFileType = folder; path = include; sourceTree = "<group>"; };
		9A500D1626A9DAFE006F448D /* nsMsgCompose.cpp */ = {isa = PBXFileReference; fileEncoding = 4; lastKnownFileType = sourcecode.cpp.cpp; path = nsMsgCompose.cpp; sourceTree = "<group>"; };
		9AB2C7DA2B741A9500C13039 /* libnsMsgCompose.a */ = {isa = PBXFileReference; explicitFileType = archive.ar; includeInIndex = 0; path = libnsMsgCompose.a; sourceTree = BUILT_PRODUCTS_DIR; };
		9AFC1FA22B7CE04B00D02EDD /* dom */ = {isa = PBXFileReference; lastKnownFileType = folder; path = dom; sourceTree = "<group>"; };
		9AFC1FA32B7CE05700D02EDD /* comm */ = {isa = PBXFileReference; lastKnownFileType = folder; path = comm; sourceTree = "<group>"; };
		9AFC1FA42B7CE06900D02EDD /* xpcom */ = {isa = PBXFileReference; lastKnownFileType = folder; path = xpcom; sourceTree = "<group>"; };
/* End PBXFileReference section */

/* Begin PBXFrameworksBuildPhase section */
		9AB2C7D82B741A9500C13039 /* Frameworks */ = {
			isa = PBXFrameworksBuildPhase;
			buildActionMask = 2147483647;
			files = (
			);
			runOnlyForDeploymentPostprocessing = 0;
		};
/* End PBXFrameworksBuildPhase section */

/* Begin PBXGroup section */
		9A500D0526A9DA7D006F448D /* Products */ = {
			isa = PBXGroup;
			children = (
				9AB2C7DA2B741A9500C13039 /* libnsMsgCompose.a */,
			);
			name = Products;
			sourceTree = "<group>";
		};
		9A500D0626A9DA7D006F448D /* nsMsgCompose */ = {
			isa = PBXGroup;
			children = (
				9A500D1626A9DAFE006F448D /* nsMsgCompose.cpp */,
			);
			name = nsMsgCompose;
			path = comm/mailnews/compose/src;
			sourceTree = "<group>";
		};
		9A506C0726A99BC0006F448D /* obj-thunderbird-debug */ = {
			isa = PBXGroup;
			children = (
				9A50859226A99BD5006F448D /* dist */,
			);
			path = "obj-thunderbird-debug";
			sourceTree = "<group>";
		};
		9A50859226A99BD5006F448D /* dist */ = {
			isa = PBXGroup;
			children = (
				9A3B3EDC2B72DB450032A963 /* include */,
			);
			path = dist;
			sourceTree = "<group>";
		};
		9A52000E2B7CDF2C00604284 /* Thunderbird-115.7.0 */ = {
			isa = PBXGroup;
			children = (
				9A500D0626A9DA7D006F448D /* nsMsgCompose */,
				9AFC1FA32B7CE05700D02EDD /* comm */,
				9AFC1FA22B7CE04B00D02EDD /* dom */,
				9AFC1FA42B7CE06900D02EDD /* xpcom */,
				9A506C0726A99BC0006F448D /* obj-thunderbird-debug */,
			);
			name = "Thunderbird-115.7.0";
			path = "../thunderbird-115.7.0";
			sourceTree = "<group>";
		};
		9AEB1F372252092100D0D7EC = {
			isa = PBXGroup;
			children = (
				9A52000E2B7CDF2C00604284 /* Thunderbird-115.7.0 */,
				9A500D0526A9DA7D006F448D /* Products */,
			);
			sourceTree = "<group>";
		};
/* End PBXGroup section */

/* Begin PBXHeadersBuildPhase section */
		9AB2C7D62B741A9500C13039 /* Headers */ = {
			isa = PBXHeadersBuildPhase;
			buildActionMask = 2147483647;
			files = (
			);
			runOnlyForDeploymentPostprocessing = 0;
		};
/* End PBXHeadersBuildPhase section */

/* Begin PBXLegacyTarget section */
		9A8F944026B2787D0028A066 /* Thunderbird */ = {
			isa = PBXLegacyTarget;
			buildArgumentsString = "";
			buildConfigurationList = 9A8F944326B2787D0028A066 /* Build configuration list for PBXLegacyTarget "Thunderbird" */;
			buildPhases = (
			);
			buildToolPath = "$PROJECT_DIR/../Build on macOS";
			buildWorkingDirectory = "";
			dependencies = (
			);
			name = Thunderbird;
			passBuildSettingsInEnvironment = 1;
			productName = Thunde2;
			productSettingsXML = "<?xml version=\"1.0\" encoding=\"UTF-8\"?>
<!DOCTYPE plist PUBLIC \"-//Apple//DTD PLIST 1.0//EN\" \"http://www.apple.com/DTDs/PropertyList-1.0.dtd\">
<plist version=\"1.0\">
<dict>
	<key>CFBundleDevelopmentRegion</key>
	<string>$(DEVELOPMENT_LANGUAGE)</string>
	<key>CFBundleExecutable</key>
	<string>$(EXECUTABLE_NAME)</string>
	<key>CFBundleIdentifier</key>
	<string>$(PRODUCT_BUNDLE_IDENTIFIER)</string>
	<key>CFBundleInfoDictionaryVersion</key>
	<string>6.0</string>
	<key>CFBundleName</key>
	<string>$(PRODUCT_NAME)</string>
	<key>CFBundlePackageType</key>
	<string>$(PRODUCT_BUNDLE_PACKAGE_TYPE)</string>
	<key>CFBundleShortVersionString</key>
	<string>$(MARKETING_VERSION)</string>
	<key>CFBundleVersion</key>
	<string>$(CURRENT_PROJECT_VERSION)</string>
</dict>
</plist>
";
		};
/* End PBXLegacyTarget section */

/* Begin PBXNativeTarget section */
		9AB2C7D92B741A9500C13039 /* nsMsgCompose */ = {
			isa = PBXNativeTarget;
			buildConfigurationList = 9AB2C7DD2B741A9500C13039 /* Build configuration list for PBXNativeTarget "nsMsgCompose" */;
			buildPhases = (
				9AB2C7D62B741A9500C13039 /* Headers */,
				9AB2C7D72B741A9500C13039 /* Sources */,
				9AB2C7D82B741A9500C13039 /* Frameworks */,
			);
			buildRules = (
			);
			dependencies = (
			);
			name = nsMsgCompose;
			productName = nsMsgComp;
			productReference = 9AB2C7DA2B741A9500C13039 /* libnsMsgCompose.a */;
			productType = "com.apple.product-type.library.static";
		};
/* End PBXNativeTarget section */

/* Begin PBXProject section */
		9AEB1F382252092100D0D7EC /* Project object */ = {
			isa = PBXProject;
			attributes = {
				BuildIndependentTargetsInParallel = YES;
				LastUpgradeCheck = 1520;
				TargetAttributes = {
					9A8F944026B2787D0028A066 = {
						CreatedOnToolsVersion = 11.2;
					};
					9AB2C7D92B741A9500C13039 = {
						CreatedOnToolsVersion = 11.3.1;
					};
				};
			};
			buildConfigurationList = 9AEB1F3B2252092100D0D7EC /* Build configuration list for PBXProject "Thunderbird" */;
			compatibilityVersion = "Xcode 9.3";
			developmentRegion = en;
			hasScannedForEncodings = 0;
			knownRegions = (
				en,
				Base,
			);
			mainGroup = 9AEB1F372252092100D0D7EC;
			productRefGroup = 9A500D0526A9DA7D006F448D /* Products */;
			projectDirPath = "";
			projectRoot = "";
			targets = (
				9A8F944026B2787D0028A066 /* Thunderbird */,
				9AB2C7D92B741A9500C13039 /* nsMsgCompose */,
			);
		};
/* End PBXProject section */

/* Begin PBXSourcesBuildPhase section */
		9AB2C7D72B741A9500C13039 /* Sources */ = {
			isa = PBXSourcesBuildPhase;
			buildActionMask = 2147483647;
			files = (
				9AB2C7DE2B741A9D00C13039 /* nsMsgCompose.cpp in Sources */,
			);
			runOnlyForDeploymentPostprocessing = 0;
		};
/* End PBXSourcesBuildPhase section */

/* Begin XCBuildConfiguration section */
		9A8F944126B2787D0028A066 /* Debug */ = {
			isa = XCBuildConfiguration;
			buildSettings = {
			};
			name = Debug;
		};
		9A8F944226B2787D0028A066 /* Release */ = {
			isa = XCBuildConfiguration;
			buildSettings = {
			};
			name = Release;
		};
		9AB2C7DB2B741A9500C13039 /* Debug */ = {
			isa = XCBuildConfiguration;
			buildSettings = {
				CODE_SIGN_STYLE = Automatic;
				EXECUTABLE_PREFIX = lib;
				GCC_PREPROCESSOR_DEFINITIONS = (
					"DEBUG=1",
					"$(inherited)",
				);
				MTL_ENABLE_DEBUG_INFO = INCLUDE_SOURCE;
				MTL_FAST_MATH = YES;
				PRODUCT_NAME = "$(TARGET_NAME)";
			};
			name = Debug;
		};
		9AB2C7DC2B741A9500C13039 /* Release */ = {
			isa = XCBuildConfiguration;
			buildSettings = {
				CODE_SIGN_STYLE = Automatic;
				EXECUTABLE_PREFIX = lib;
				MTL_ENABLE_DEBUG_INFO = NO;
				MTL_FAST_MATH = YES;
				PRODUCT_NAME = "$(TARGET_NAME)";
			};
			name = Release;
		};
		9AEB1F3C2252092100D0D7EC /* Debug */ = {
			isa = XCBuildConfiguration;
			buildSettings = {
				ALWAYS_SEARCH_USER_PATHS = NO;
				CLANG_CXX_LANGUAGE_STANDARD = "c++17";
				CLANG_CXX_LIBRARY = "libc++";
				CLANG_WARN_ASSIGN_ENUM = YES;
				CLANG_WARN_BLOCK_CAPTURE_AUTORELEASING = YES;
				CLANG_WARN_BOOL_CONVERSION = YES;
				CLANG_WARN_COMMA = YES;
				CLANG_WARN_COMPLETION_HANDLER_MISUSE = YES;
				CLANG_WARN_CONSTANT_CONVERSION = YES;
				CLANG_WARN_DELETE_NON_VIRTUAL_DTOR = NO;
				CLANG_WARN_DOCUMENTATION_COMMENTS = NO;
				CLANG_WARN_EMPTY_BODY = YES;
				CLANG_WARN_ENUM_CONVERSION = YES;
				CLANG_WARN_FLOAT_CONVERSION = NO;
				CLANG_WARN_FRAMEWORK_INCLUDE_PRIVATE_FROM_PUBLIC = YES;
				CLANG_WARN_IMPLICIT_FALLTHROUGH = YES;
				CLANG_WARN_IMPLICIT_SIGN_CONVERSION = NO;
				CLANG_WARN_INFINITE_RECURSION = YES;
				CLANG_WARN_INT_CONVERSION = YES;
				CLANG_WARN_NON_LITERAL_NULL_CONVERSION = YES;
				CLANG_WARN_OBJC_IMPLICIT_RETAIN_SELF = YES;
				CLANG_WARN_QUOTED_INCLUDE_IN_FRAMEWORK_HEADER = YES;
				CLANG_WARN_RANGE_LOOP_ANALYSIS = NO;
				CLANG_WARN_SEMICOLON_BEFORE_METHOD_BODY = YES;
				CLANG_WARN_SUSPICIOUS_IMPLICIT_CONVERSION = NO;
				CLANG_WARN_SUSPICIOUS_MOVE = NO;
				CLANG_WARN_UNGUARDED_AVAILABILITY = YES;
				CLANG_WARN_UNREACHABLE_CODE = YES;
				CLANG_WARN_VEXING_PARSE = NO;
				COPY_PHASE_STRIP = NO;
				DEAD_CODE_STRIPPING = YES;
				DEBUG_INFORMATION_FORMAT = dwarf;
				ENABLE_STRICT_OBJC_MSGSEND = YES;
				ENABLE_TESTABILITY = YES;
				ENABLE_USER_SCRIPT_SANDBOXING = YES;
				GCC_C_LANGUAGE_STANDARD = gnu11;
				GCC_NO_COMMON_BLOCKS = YES;
				GCC_OPTIMIZATION_LEVEL = 0;
				GCC_PREPROCESSOR_DEFINITIONS = (
					"PR_BYTES_PER_INT=4",
					MOZILLA_INTERNAL_API,
					"PR_BYTES_PER_SHORT=2",
					"PR_BYTES_PER_BYTE=1",
					DARWIN,
					DEBUG,
					JS_DEBUG,
					HAVE_64BIT_BUILD,
				);
				GCC_TREAT_IMPLICIT_FUNCTION_DECLARATIONS_AS_ERRORS = YES;
				GCC_TREAT_INCOMPATIBLE_POINTER_TYPE_WARNINGS_AS_ERRORS = YES;
				GCC_WARN_64_TO_32_BIT_CONVERSION = NO;
				"GCC_WARN_64_TO_32_BIT_CONVERSION[arch=*64]" = NO;
				GCC_WARN_ABOUT_DEPRECATED_FUNCTIONS = NO;
				GCC_WARN_ABOUT_INVALID_OFFSETOF_MACRO = NO;
				GCC_WARN_ABOUT_MISSING_FIELD_INITIALIZERS = YES;
				GCC_WARN_ABOUT_MISSING_NEWLINE = YES;
				GCC_WARN_ABOUT_RETURN_TYPE = YES;
				GCC_WARN_CHECK_SWITCH_STATEMENTS = YES;
				GCC_WARN_FOUR_CHARACTER_CONSTANTS = YES;
				GCC_WARN_INITIALIZER_NOT_FULLY_BRACKETED = YES;
				GCC_WARN_SHADOW = NO;
				GCC_WARN_SIGN_COMPARE = YES;
				GCC_WARN_UNINITIALIZED_AUTOS = YES;
				GCC_WARN_UNKNOWN_PRAGMAS = YES;
				GCC_WARN_UNUSED_FUNCTION = YES;
				GCC_WARN_UNUSED_LABEL = YES;
				GCC_WARN_UNUSED_PARAMETER = NO;
				GCC_WARN_UNUSED_VARIABLE = YES;
				GENERATE_INFOPLIST_FILE = YES;
				HEADER_SEARCH_PATHS = (
					"$PROJECT_DIR/../thunderbird-115.7.0/obj-thunderbird-debug/dist/include",
					"$PROJECT_DIR/../thunderbird-115.7.0/nsprpub/pr/include",
					"$PROJECT_DIR/../thunderbird-115.7.0/config/external/nspr",
					"$PROJECT_DIR/../thunderbird-115.7.0/nsprpub/lib/libc/include",
					"$PROJECT_DIR/../thunderbird-115.7.0/dom/base",
					"$PROJECT_DIR/../thunderbird-115.7.0/xpcom/base",
				);
				MACOSX_DEPLOYMENT_TARGET = 10.14;
				ONLY_ACTIVE_ARCH = YES;
				PRODUCT_NAME = Thunderbird;
				SDKROOT = macosx;
				SKIP_INSTALL = YES;
			};
			name = Debug;
		};
		9AEB1F3D2252092100D0D7EC /* Release */ = {
			isa = XCBuildConfiguration;
			buildSettings = {
				ALWAYS_SEARCH_USER_PATHS = NO;
				CLANG_CXX_LANGUAGE_STANDARD = "c++17";
				CLANG_CXX_LIBRARY = "libc++";
				CLANG_WARN_ASSIGN_ENUM = YES;
				CLANG_WARN_BLOCK_CAPTURE_AUTORELEASING = YES;
				CLANG_WARN_BOOL_CONVERSION = YES;
				CLANG_WARN_COMMA = YES;
				CLANG_WARN_COMPLETION_HANDLER_MISUSE = YES;
				CLANG_WARN_CONSTANT_CONVERSION = YES;
				CLANG_WARN_DELETE_NON_VIRTUAL_DTOR = NO;
				CLANG_WARN_DOCUMENTATION_COMMENTS = NO;
				CLANG_WARN_EMPTY_BODY = YES;
				CLANG_WARN_ENUM_CONVERSION = YES;
				CLANG_WARN_FLOAT_CONVERSION = NO;
				CLANG_WARN_FRAMEWORK_INCLUDE_PRIVATE_FROM_PUBLIC = YES;
				CLANG_WARN_IMPLICIT_FALLTHROUGH = YES;
				CLANG_WARN_IMPLICIT_SIGN_CONVERSION = NO;
				CLANG_WARN_INFINITE_RECURSION = YES;
				CLANG_WARN_INT_CONVERSION = YES;
				CLANG_WARN_NON_LITERAL_NULL_CONVERSION = YES;
				CLANG_WARN_OBJC_IMPLICIT_RETAIN_SELF = YES;
				CLANG_WARN_QUOTED_INCLUDE_IN_FRAMEWORK_HEADER = YES;
				CLANG_WARN_RANGE_LOOP_ANALYSIS = NO;
				CLANG_WARN_SEMICOLON_BEFORE_METHOD_BODY = YES;
				CLANG_WARN_SUSPICIOUS_IMPLICIT_CONVERSION = NO;
				CLANG_WARN_SUSPICIOUS_MOVE = NO;
				CLANG_WARN_UNGUARDED_AVAILABILITY = YES;
				CLANG_WARN_UNREACHABLE_CODE = YES;
				CLANG_WARN_VEXING_PARSE = NO;
				COPY_PHASE_STRIP = NO;
				DEAD_CODE_STRIPPING = YES;
				DEBUG_INFORMATION_FORMAT = "dwarf-with-dsym";
				ENABLE_STRICT_OBJC_MSGSEND = YES;
				ENABLE_USER_SCRIPT_SANDBOXING = YES;
				GCC_C_LANGUAGE_STANDARD = gnu11;
				GCC_NO_COMMON_BLOCKS = YES;
				GCC_TREAT_IMPLICIT_FUNCTION_DECLARATIONS_AS_ERRORS = YES;
				GCC_TREAT_INCOMPATIBLE_POINTER_TYPE_WARNINGS_AS_ERRORS = YES;
				GCC_WARN_64_TO_32_BIT_CONVERSION = NO;
				"GCC_WARN_64_TO_32_BIT_CONVERSION[arch=*64]" = NO;
				GCC_WARN_ABOUT_DEPRECATED_FUNCTIONS = NO;
				GCC_WARN_ABOUT_INVALID_OFFSETOF_MACRO = NO;
				GCC_WARN_ABOUT_MISSING_FIELD_INITIALIZERS = YES;
				GCC_WARN_ABOUT_MISSING_NEWLINE = YES;
				GCC_WARN_ABOUT_RETURN_TYPE = YES;
				GCC_WARN_CHECK_SWITCH_STATEMENTS = YES;
				GCC_WARN_FOUR_CHARACTER_CONSTANTS = YES;
				GCC_WARN_INITIALIZER_NOT_FULLY_BRACKETED = YES;
				GCC_WARN_SHADOW = NO;
				GCC_WARN_SIGN_COMPARE = YES;
				GCC_WARN_UNINITIALIZED_AUTOS = YES;
				GCC_WARN_UNKNOWN_PRAGMAS = YES;
				GCC_WARN_UNUSED_FUNCTION = YES;
				GCC_WARN_UNUSED_LABEL = YES;
				GCC_WARN_UNUSED_PARAMETER = NO;
				GCC_WARN_UNUSED_VARIABLE = YES;
				GENERATE_INFOPLIST_FILE = YES;
				HEADER_SEARCH_PATHS = (
					"$PROJECT_DIR/../thunderbird-115.7.0/obj-thunderbird-debug/dist/include",
					"$PROJECT_DIR/../thunderbird-115.7.0/nsprpub/pr/include",
					"$PROJECT_DIR/../thunderbird-115.7.0/config/external/nspr",
					"$PROJECT_DIR/../thunderbird-115.7.0/nsprpub/lib/libc/include",
					"$PROJECT_DIR/../thunderbird-115.7.0/dom/base",
					"$PROJECT_DIR/../thunderbird-115.7.0/xpcom/base",
				);
				MACOSX_DEPLOYMENT_TARGET = 10.14;
				ONLY_ACTIVE_ARCH = YES;
				PRODUCT_NAME = Thunderbird;
				SDKROOT = macosx;
				SKIP_INSTALL = YES;
			};
			name = Release;
		};
/* End XCBuildConfiguration section */

/* Begin XCConfigurationList section */
		9A8F944326B2787D0028A066 /* Build configuration list for PBXLegacyTarget "Thunderbird" */ = {
			isa = XCConfigurationList;
			buildConfigurations = (
				9A8F944126B2787D0028A066 /* Debug */,
				9A8F944226B2787D0028A066 /* Release */,
			);
			defaultConfigurationIsVisible = 0;
			defaultConfigurationName = Release;
		};
		9AB2C7DD2B741A9500C13039 /* Build configuration list for PBXNativeTarget "nsMsgCompose" */ = {
			isa = XCConfigurationList;
			buildConfigurations = (
				9AB2C7DB2B741A9500C13039 /* Debug */,
				9AB2C7DC2B741A9500C13039 /* Release */,
			);
			defaultConfigurationIsVisible = 0;
			defaultConfigurationName = Release;
		};
		9AEB1F3B2252092100D0D7EC /* Build configuration list for PBXProject "Thunderbird" */ = {
			isa = XCConfigurationList;
			buildConfigurations = (
				9AEB1F3C2252092100D0D7EC /* Debug */,
				9AEB1F3D2252092100D0D7EC /* Release */,
			);
			defaultConfigurationIsVisible = 0;
			defaultConfigurationName = Release;
		};
/* End XCConfigurationList section */
	};
	rootObject = 9AEB1F382252092100D0D7EC /* Project object */;
}
